
Microsoft Visual Studio Solution File, Format Version 12.00
# Visual Studio 2012
Project("{FAE04EC0-301F-11D3-BF4B-00C04F79EFBC}") = "GifDemo", "GifDemo\GifDemo.csproj", "{6E510194-BB3A-4BE0-9A9B-20A8F3AD2ABC}"
EndProject
Project("{FAE04EC0-301F-11D3-BF4B-00C04F79EFBC}") = "GifViewJar", "GifViewJar\GifViewJar.csproj", "{2CAD4303-7F6D-48BB-94B0-383EE70C1C97}"
EndProject
Global
	GlobalSection(SolutionConfigurationPlatforms) = preSolution
		Debug|Any CPU = Debug|Any CPU
		Release|Any CPU = Release|Any CPU
	EndGlobalSection
	GlobalSection(ProjectConfigurationPlatforms) = postSolution
		{6E510194-BB3A-4BE0-9A9B-20A8F3AD2ABC}.Debug|Any CPU.ActiveCfg = Debug|Any CPU
		{6E510194-BB3A-4BE0-9A9B-20A8F3AD2ABC}.Debug|Any CPU.Build.0 = Debug|Any CPU
		{6E510194-BB3A-4BE0-9A9B-20A8F3AD2ABC}.Debug|Any CPU.Deploy.0 = Debug|Any CPU
		{6E510194-BB3A-4BE0-9A9B-20A8F3AD2ABC}.Release|Any CPU.ActiveCfg = Release|Any CPU
		{6E510194-BB3A-4BE0-9A9B-20A8F3AD2ABC}.Release|Any CPU.Build.0 = Release|Any CPU
		{6E510194-BB3A-4BE0-9A9B-20A8F3AD2ABC}.Release|Any CPU.Deploy.0 = Release|Any CPU
		{2CAD4303-7F6D-48BB-94B0-383EE70C1C97}.Debug|Any CPU.ActiveCfg = Debug|Any CPU
		{2CAD4303-7F6D-48BB-94B0-383EE70C1C97}.Debug|Any CPU.Build.0 = Debug|Any CPU
		{2CAD4303-7F6D-48BB-94B0-383EE70C1C97}.Release|Any CPU.ActiveCfg = Release|Any CPU
		{2CAD4303-7F6D-48BB-94B0-383EE70C1C97}.Release|Any CPU.Build.0 = Release|Any CPU
	EndGlobalSection
	GlobalSection(SolutionProperties) = preSolution
		HideSolutionNode = FALSE
	EndGlobalSection
EndGlobal
